<Solution>
  <Folder Name="/1. Presentaciones/" />
  <Folder Name="/2. Servicios/">
    <Project Path="lib_repositorios/Aplicaciones_libreria.csproj" />
  </Folder>
  <Folder Name="/3.Nucleo/">
    <Project Path="Libreria_Repositorios/Libreria_repositorios.csproj" Id="55e0cec1-60c5-479f-bf91-296a96afe6d3" />
  </Folder>
</Solution>
