<Solution>
  <Folder Name="/1. Presentaciones/" />
  <Folder Name="/2. Servicios/">
    <Project Path="2. Servicios/lib_repositorios/Aplicaciones_libreria.csproj" />
    <Project Path="asp_servicios/asp_servicios.csproj" Id="2471bfa1-7f7c-4021-b6e5-ecd2dfee0b69" />
  </Folder>
  <Folder Name="/3.Nucleo/">
    <Project Path="3. Nucleo/Libreria_Repositorios/Libreria_repositorios.csproj" />
  </Folder>
</Solution>
